
Microsoft Visual Studio Solution File, Format Version 12.00
# Visual Studio 15
VisualStudioVersion = 15.0.26730.16
MinimumVisualStudioVersion = 10.0.40219.1
Project("{FAE04EC0-301F-11D3-BF4B-00C04F79EFBC}") = "AzFuncButtonApp", "AzFuncButtonApp\AzFuncButtonApp.csproj", "{D5AAFFF9-8446-4CFC-AC01-6E2605F8A5D6}"
EndProject
Project("{FAE04EC0-301F-11D3-BF4B-00C04F79EFBC}") = "AzFuncButtonApp.Simulator", "AzFuncButtonApp.Simulator\AzFuncButtonApp.Simulator.csproj", "{5B8CF336-8A76-4F3C-BF82-924F411A5210}"
EndProject
Global
	GlobalSection(SolutionConfigurationPlatforms) = preSolution
		Debug|Any CPU = Debug|Any CPU
		Release|Any CPU = Release|Any CPU
	EndGlobalSection
	GlobalSection(ProjectConfigurationPlatforms) = postSolution
		{D5AAFFF9-8446-4CFC-AC01-6E2605F8A5D6}.Debug|Any CPU.ActiveCfg = Debug|Any CPU
		{D5AAFFF9-8446-4CFC-AC01-6E2605F8A5D6}.Debug|Any CPU.Build.0 = Debug|Any CPU
		{D5AAFFF9-8446-4CFC-AC01-6E2605F8A5D6}.Release|Any CPU.ActiveCfg = Release|Any CPU
		{D5AAFFF9-8446-4CFC-AC01-6E2605F8A5D6}.Release|Any CPU.Build.0 = Release|Any CPU
		{5B8CF336-8A76-4F3C-BF82-924F411A5210}.Debug|Any CPU.ActiveCfg = Debug|Any CPU
		{5B8CF336-8A76-4F3C-BF82-924F411A5210}.Debug|Any CPU.Build.0 = Debug|Any CPU
		{5B8CF336-8A76-4F3C-BF82-924F411A5210}.Release|Any CPU.ActiveCfg = Release|Any CPU
		{5B8CF336-8A76-4F3C-BF82-924F411A5210}.Release|Any CPU.Build.0 = Release|Any CPU
	EndGlobalSection
	GlobalSection(SolutionProperties) = preSolution
		HideSolutionNode = FALSE
	EndGlobalSection
	GlobalSection(ExtensibilityGlobals) = postSolution
		SolutionGuid = {217964A8-FC3D-4F7F-A161-23D9F2BC3910}
	EndGlobalSection
EndGlobal
